
Microsoft Visual Studio Solution File, Format Version 12.00
# Visual Studio Version 17
VisualStudioVersion = 17.3.32922.545
MinimumVisualStudioVersion = 10.0.40219.1
Project("{FAE04EC0-301F-11D3-BF4B-00C04F79EFBC}") = "FrontendNetCore", "FrontendNetCore.csproj", "{4DC29024-F47C-4941-8B65-0776C0266D9A}"
EndProject
Global
	GlobalSection(SolutionConfigurationPlatforms) = preSolution
		Debug|Any CPU = Debug|Any CPU
		Release|Any CPU = Release|Any CPU
	EndGlobalSection
	GlobalSection(ProjectConfigurationPlatforms) = postSolution
		{4DC29024-F47C-4941-8B65-0776C0266D9A}.Debug|Any CPU.ActiveCfg = Debug|Any CPU
		{4DC29024-F47C-4941-8B65-0776C0266D9A}.Debug|Any CPU.Build.0 = Debug|Any CPU
		{4DC29024-F47C-4941-8B65-0776C0266D9A}.Release|Any CPU.ActiveCfg = Release|Any CPU
		{4DC29024-F47C-4941-8B65-0776C0266D9A}.Release|Any CPU.Build.0 = Release|Any CPU
	EndGlobalSection
	GlobalSection(SolutionProperties) = preSolution
		HideSolutionNode = FALSE
	EndGlobalSection
	GlobalSection(ExtensibilityGlobals) = postSolution
		SolutionGuid = {6857D81F-CAFC-4277-9CBC-E6327E92AAA5}
	EndGlobalSection
EndGlobal
